
Microsoft Visual Studio Solution File, Format Version 12.00
# Visual Studio 15
VisualStudioVersion = 15.0.27130.2024
MinimumVisualStudioVersion = 10.0.40219.1
Project("{FAE04EC0-301F-11D3-BF4B-00C04F79EFBC}") = "Core", "Core\Core.csproj", "{541CBB4A-4D4A-41C7-A803-63AC0711E7F6}"
EndProject
Project("{FAE04EC0-301F-11D3-BF4B-00C04F79EFBC}") = "WebApi", "WebApi\WebApi.csproj", "{5D6E5B2C-67EB-41B1-AD53-7279A17ABF82}"
EndProject
Project("{FAE04EC0-301F-11D3-BF4B-00C04F79EFBC}") = "WebApi.Tests", "WebApi.Tests\WebApi.Tests.csproj", "{4698A2E8-8B03-49F4-BF7D-40D43A3975BE}"
EndProject
Global
	GlobalSection(SolutionConfigurationPlatforms) = preSolution
		Debug|Any CPU = Debug|Any CPU
		Release|Any CPU = Release|Any CPU
	EndGlobalSection
	GlobalSection(ProjectConfigurationPlatforms) = postSolution
		{541CBB4A-4D4A-41C7-A803-63AC0711E7F6}.Debug|Any CPU.ActiveCfg = Debug|Any CPU
		{541CBB4A-4D4A-41C7-A803-63AC0711E7F6}.Debug|Any CPU.Build.0 = Debug|Any CPU
		{541CBB4A-4D4A-41C7-A803-63AC0711E7F6}.Release|Any CPU.ActiveCfg = Release|Any CPU
		{541CBB4A-4D4A-41C7-A803-63AC0711E7F6}.Release|Any CPU.Build.0 = Release|Any CPU
		{5D6E5B2C-67EB-41B1-AD53-7279A17ABF82}.Debug|Any CPU.ActiveCfg = Debug|Any CPU
		{5D6E5B2C-67EB-41B1-AD53-7279A17ABF82}.Debug|Any CPU.Build.0 = Debug|Any CPU
		{5D6E5B2C-67EB-41B1-AD53-7279A17ABF82}.Release|Any CPU.ActiveCfg = Release|Any CPU
		{5D6E5B2C-67EB-41B1-AD53-7279A17ABF82}.Release|Any CPU.Build.0 = Release|Any CPU
		{4698A2E8-8B03-49F4-BF7D-40D43A3975BE}.Debug|Any CPU.ActiveCfg = Debug|Any CPU
		{4698A2E8-8B03-49F4-BF7D-40D43A3975BE}.Debug|Any CPU.Build.0 = Debug|Any CPU
		{4698A2E8-8B03-49F4-BF7D-40D43A3975BE}.Release|Any CPU.ActiveCfg = Release|Any CPU
		{4698A2E8-8B03-49F4-BF7D-40D43A3975BE}.Release|Any CPU.Build.0 = Release|Any CPU
	EndGlobalSection
	GlobalSection(SolutionProperties) = preSolution
		HideSolutionNode = FALSE
	EndGlobalSection
	GlobalSection(ExtensibilityGlobals) = postSolution
		SolutionGuid = {05A62195-1F6D-4038-B360-6BEA27DD5F96}
	EndGlobalSection
EndGlobal
